
Microsoft Visual Studio Solution File, Format Version 12.00
# Visual Studio 15
VisualStudioVersion = 15.0.27428.2037
MinimumVisualStudioVersion = 10.0.40219.1
Project("{FAE04EC0-301F-11D3-BF4B-00C04F79EFBC}") = "AddressBook", "AddressBook\AddressBook.csproj", "{4481FBC4-9535-4161-97F8-730B0720E56D}"
EndProject
Global
	GlobalSection(SolutionConfigurationPlatforms) = preSolution
		Debug|Any CPU = Debug|Any CPU
		Release|Any CPU = Release|Any CPU
	EndGlobalSection
	GlobalSection(ProjectConfigurationPlatforms) = postSolution
		{4481FBC4-9535-4161-97F8-730B0720E56D}.Debug|Any CPU.ActiveCfg = Debug|Any CPU
		{4481FBC4-9535-4161-97F8-730B0720E56D}.Debug|Any CPU.Build.0 = Debug|Any CPU
		{4481FBC4-9535-4161-97F8-730B0720E56D}.Release|Any CPU.ActiveCfg = Release|Any CPU
		{4481FBC4-9535-4161-97F8-730B0720E56D}.Release|Any CPU.Build.0 = Release|Any CPU
	EndGlobalSection
	GlobalSection(SolutionProperties) = preSolution
		HideSolutionNode = FALSE
	EndGlobalSection
	GlobalSection(ExtensibilityGlobals) = postSolution
		SolutionGuid = {CE62306A-4146-42B2-909E-BACB2D1BDD34}
	EndGlobalSection
EndGlobal
